
Microsoft Visual Studio Solution File, Format Version 12.00
# Visual Studio Version 17
VisualStudioVersion = 17.10.35004.147
MinimumVisualStudioVersion = 10.0.40219.1
Project("{FAE04EC0-301F-11D3-BF4B-00C04F79EFBC}") = "TodoList", "TodoList.csproj", "{A04D0855-4415-4FBA-A201-D7BF28E0E685}"
EndProject
Global
	GlobalSection(SolutionConfigurationPlatforms) = preSolution
		Debug|Any CPU = Debug|Any CPU
		Release|Any CPU = Release|Any CPU
	EndGlobalSection
	GlobalSection(ProjectConfigurationPlatforms) = postSolution
		{A04D0855-4415-4FBA-A201-D7BF28E0E685}.Debug|Any CPU.ActiveCfg = Debug|Any CPU
		{A04D0855-4415-4FBA-A201-D7BF28E0E685}.Debug|Any CPU.Build.0 = Debug|Any CPU
		{A04D0855-4415-4FBA-A201-D7BF28E0E685}.Release|Any CPU.ActiveCfg = Release|Any CPU
		{A04D0855-4415-4FBA-A201-D7BF28E0E685}.Release|Any CPU.Build.0 = Release|Any CPU
	EndGlobalSection
	GlobalSection(SolutionProperties) = preSolution
		HideSolutionNode = FALSE
	EndGlobalSection
	GlobalSection(ExtensibilityGlobals) = postSolution
		SolutionGuid = {5603E4BA-A6D7-4060-963C-04399FB49B0F}
	EndGlobalSection
EndGlobal
