
Microsoft Visual Studio Solution File, Format Version 12.00
# Visual Studio Version 17
VisualStudioVersion = 17.10.35004.147
MinimumVisualStudioVersion = 10.0.40219.1
Project("{9A19103F-16F7-4668-BE54-9A1E7A4F7556}") = "ToDoList", "ProgettoFinaleCSharp\ToDoList\ToDoList.csproj", "{178383EA-A61F-4F98-934E-EE39C2C3B7E3}"
EndProject
Global
	GlobalSection(SolutionConfigurationPlatforms) = preSolution
		Debug|Any CPU = Debug|Any CPU
		Release|Any CPU = Release|Any CPU
	EndGlobalSection
	GlobalSection(ProjectConfigurationPlatforms) = postSolution
		{178383EA-A61F-4F98-934E-EE39C2C3B7E3}.Debug|Any CPU.ActiveCfg = Debug|Any CPU
		{178383EA-A61F-4F98-934E-EE39C2C3B7E3}.Debug|Any CPU.Build.0 = Debug|Any CPU
		{178383EA-A61F-4F98-934E-EE39C2C3B7E3}.Release|Any CPU.ActiveCfg = Release|Any CPU
		{178383EA-A61F-4F98-934E-EE39C2C3B7E3}.Release|Any CPU.Build.0 = Release|Any CPU
	EndGlobalSection
	GlobalSection(SolutionProperties) = preSolution
		HideSolutionNode = FALSE
	EndGlobalSection
	GlobalSection(ExtensibilityGlobals) = postSolution
		SolutionGuid = {2FA7F550-B271-4D70-B7AA-C9234EA779CF}
	EndGlobalSection
EndGlobal
